// !$*UTF8*$!
{
	archiveVersion = 1;
	classes = {
	};
	objectVersion = 50;
	objects = {

/* Begin PBXBuildFile section */
		A21CFAA322FA5E6B00B4BC5C /* AppDelegate.swift in Sources */ = {isa = PBXBuildFile; fileRef = A21CFAA222FA5E6B00B4BC5C /* AppDelegate.swift */; };
		A21CFAA822FA5E6B00B4BC5C /* Main.storyboard in Resources */ = {isa = PBXBuildFile; fileRef = A21CFAA622FA5E6B00B4BC5C /* Main.storyboard */; };
		A21CFAAA22FA5E6B00B4BC5C /* Assets.xcassets in Resources */ = {isa = PBXBuildFile; fileRef = A21CFAA922FA5E6B00B4BC5C /* Assets.xcassets */; };
		A21CFAAD22FA5E6B00B4BC5C /* LaunchScreen.storyboard in Resources */ = {isa = PBXBuildFile; fileRef = A21CFAAB22FA5E6B00B4BC5C /* LaunchScreen.storyboard */; };
		A21CFAB522FA634C00B4BC5C /* Character.swift in Sources */ = {isa = PBXBuildFile; fileRef = A21CFAB422FA634C00B4BC5C /* Character.swift */; };
		A21CFAB722FA671400B4BC5C /* APIController.swift in Sources */ = {isa = PBXBuildFile; fileRef = A21CFAB622FA671400B4BC5C /* APIController.swift */; };
		A21CFAB922FA68A400B4BC5C /* ResultType.swift in Sources */ = {isa = PBXBuildFile; fileRef = A21CFAB822FA68A400B4BC5C /* ResultType.swift */; };
		A21CFABB22FA998D00B4BC5C /* ResultDetailViewController.swift in Sources */ = {isa = PBXBuildFile; fileRef = A21CFABA22FA998D00B4BC5C /* ResultDetailViewController.swift */; };
/* End PBXBuildFile section */

/* Begin PBXFileReference section */
		A21CFA9F22FA5E6B00B4BC5C /* GameOfThronesAPIPracticeRun.app */ = {isa = PBXFileReference; explicitFileType = wrapper.application; includeInIndex = 0; path = GameOfThronesAPIPracticeRun.app; sourceTree = BUILT_PRODUCTS_DIR; };
		A21CFAA222FA5E6B00B4BC5C /* AppDelegate.swift */ = {isa = PBXFileReference; lastKnownFileType = sourcecode.swift; path = AppDelegate.swift; sourceTree = "<group>"; };
		A21CFAA722FA5E6B00B4BC5C /* Base */ = {isa = PBXFileReference; lastKnownFileType = file.storyboard; name = Base; path = Base.lproj/Main.storyboard; sourceTree = "<group>"; };
		A21CFAA922FA5E6B00B4BC5C /* Assets.xcassets */ = {isa = PBXFileReference; lastKnownFileType = folder.assetcatalog; path = Assets.xcassets; sourceTree = "<group>"; };
		A21CFAAC22FA5E6B00B4BC5C /* Base */ = {isa = PBXFileReference; lastKnownFileType = file.storyboard; name = Base; path = Base.lproj/LaunchScreen.storyboard; sourceTree = "<group>"; };
		A21CFAAE22FA5E6B00B4BC5C /* Info.plist */ = {isa = PBXFileReference; lastKnownFileType = text.plist.xml; path = Info.plist; sourceTree = "<group>"; };
		A21CFAB422FA634C00B4BC5C /* Character.swift */ = {isa = PBXFileReference; lastKnownFileType = sourcecode.swift; path = Character.swift; sourceTree = "<group>"; };
		A21CFAB622FA671400B4BC5C /* APIController.swift */ = {isa = PBXFileReference; lastKnownFileType = sourcecode.swift; path = APIController.swift; sourceTree = "<group>"; };
		A21CFAB822FA68A400B4BC5C /* ResultType.swift */ = {isa = PBXFileReference; lastKnownFileType = sourcecode.swift; path = ResultType.swift; sourceTree = "<group>"; };
		A21CFABA22FA998D00B4BC5C /* ResultDetailViewController.swift */ = {isa = PBXFileReference; lastKnownFileType = sourcecode.swift; path = ResultDetailViewController.swift; sourceTree = "<group>"; };
/* End PBXFileReference section */

/* Begin PBXFrameworksBuildPhase section */
		A21CFA9C22FA5E6B00B4BC5C /* Frameworks */ = {
			isa = PBXFrameworksBuildPhase;
			buildActionMask = 2147483647;
			files = (
			);
			runOnlyForDeploymentPostprocessing = 0;
		};
/* End PBXFrameworksBuildPhase section */

/* Begin PBXGroup section */
		A21CFA9622FA5E6B00B4BC5C = {
			isa = PBXGroup;
			children = (
				A21CFAA122FA5E6B00B4BC5C /* GameOfThronesAPIPracticeRun */,
				A21CFAA022FA5E6B00B4BC5C /* Products */,
			);
			sourceTree = "<group>";
		};
		A21CFAA022FA5E6B00B4BC5C /* Products */ = {
			isa = PBXGroup;
			children = (
				A21CFA9F22FA5E6B00B4BC5C /* GameOfThronesAPIPracticeRun.app */,
			);
			name = Products;
			sourceTree = "<group>";
		};
		A21CFAA122FA5E6B00B4BC5C /* GameOfThronesAPIPracticeRun */ = {
			isa = PBXGroup;
			children = (
				A21CFAA222FA5E6B00B4BC5C /* AppDelegate.swift */,
				A21CFAA622FA5E6B00B4BC5C /* Main.storyboard */,
				A21CFABA22FA998D00B4BC5C /* ResultDetailViewController.swift */,
				A21CFAB422FA634C00B4BC5C /* Character.swift */,
				A21CFAB622FA671400B4BC5C /* APIController.swift */,
				A21CFAB822FA68A400B4BC5C /* ResultType.swift */,
				A21CFAA922FA5E6B00B4BC5C /* Assets.xcassets */,
				A21CFAAB22FA5E6B00B4BC5C /* LaunchScreen.storyboard */,
				A21CFAAE22FA5E6B00B4BC5C /* Info.plist */,
			);
			path = GameOfThronesAPIPracticeRun;
			sourceTree = "<group>";
		};
/* End PBXGroup section */

/* Begin PBXNativeTarget section */
		A21CFA9E22FA5E6B00B4BC5C /* GameOfThronesAPIPracticeRun */ = {
			isa = PBXNativeTarget;
			buildConfigurationList = A21CFAB122FA5E6B00B4BC5C /* Build configuration list for PBXNativeTarget "GameOfThronesAPIPracticeRun" */;
			buildPhases = (
				A21CFA9B22FA5E6B00B4BC5C /* Sources */,
				A21CFA9C22FA5E6B00B4BC5C /* Frameworks */,
				A21CFA9D22FA5E6B00B4BC5C /* Resources */,
			);
			buildRules = (
			);
			dependencies = (
			);
			name = GameOfThronesAPIPracticeRun;
			productName = GameOfThronesAPIPracticeRun;
			productReference = A21CFA9F22FA5E6B00B4BC5C /* GameOfThronesAPIPracticeRun.app */;
			productType = "com.apple.product-type.application";
		};
/* End PBXNativeTarget section */

/* Begin PBXProject section */
		A21CFA9722FA5E6B00B4BC5C /* Project object */ = {
			isa = PBXProject;
			attributes = {
				LastSwiftUpdateCheck = 1030;
				LastUpgradeCheck = 1030;
				ORGANIZATIONNAME = "Alex Shillingford";
				TargetAttributes = {
					A21CFA9E22FA5E6B00B4BC5C = {
						CreatedOnToolsVersion = 10.3;
					};
				};
			};
			buildConfigurationList = A21CFA9A22FA5E6B00B4BC5C /* Build configuration list for PBXProject "GameOfThronesAPIPracticeRun" */;
			compatibilityVersion = "Xcode 9.3";
			developmentRegion = en;
			hasScannedForEncodings = 0;
			knownRegions = (
				en,
				Base,
			);
			mainGroup = A21CFA9622FA5E6B00B4BC5C;
			productRefGroup = A21CFAA022FA5E6B00B4BC5C /* Products */;
			projectDirPath = "";
			projectRoot = "";
			targets = (
				A21CFA9E22FA5E6B00B4BC5C /* GameOfThronesAPIPracticeRun */,
			);
		};
/* End PBXProject section */

/* Begin PBXResourcesBuildPhase section */
		A21CFA9D22FA5E6B00B4BC5C /* Resources */ = {
			isa = PBXResourcesBuildPhase;
			buildActionMask = 2147483647;
			files = (
				A21CFAAD22FA5E6B00B4BC5C /* LaunchScreen.storyboard in Resources */,
				A21CFAAA22FA5E6B00B4BC5C /* Assets.xcassets in Resources */,
				A21CFAA822FA5E6B00B4BC5C /* Main.storyboard in Resources */,
			);
			runOnlyForDeploymentPostprocessing = 0;
		};
/* End PBXResourcesBuildPhase section */

/* Begin PBXSourcesBuildPhase section */
		A21CFA9B22FA5E6B00B4BC5C /* Sources */ = {
			isa = PBXSourcesBuildPhase;
			buildActionMask = 2147483647;
			files = (
				A21CFAB922FA68A400B4BC5C /* ResultType.swift in Sources */,
				A21CFAB522FA634C00B4BC5C /* Character.swift in Sources */,
				A21CFAA322FA5E6B00B4BC5C /* AppDelegate.swift in Sources */,
				A21CFABB22FA998D00B4BC5C /* ResultDetailViewController.swift in Sources */,
				A21CFAB722FA671400B4BC5C /* APIController.swift in Sources */,
			);
			runOnlyForDeploymentPostprocessing = 0;
		};
/* End PBXSourcesBuildPhase section */

/* Begin PBXVariantGroup section */
		A21CFAA622FA5E6B00B4BC5C /* Main.storyboard */ = {
			isa = PBXVariantGroup;
			children = (
				A21CFAA722FA5E6B00B4BC5C /* Base */,
			);
			name = Main.storyboard;
			sourceTree = "<group>";
		};
		A21CFAAB22FA5E6B00B4BC5C /* LaunchScreen.storyboard */ = {
			isa = PBXVariantGroup;
			children = (
				A21CFAAC22FA5E6B00B4BC5C /* Base */,
			);
			name = LaunchScreen.storyboard;
			sourceTree = "<group>";
		};
/* End PBXVariantGroup section */

/* Begin XCBuildConfiguration section */
		A21CFAAF22FA5E6B00B4BC5C /* Debug */ = {
			isa = XCBuildConfiguration;
			buildSettings = {
				ALWAYS_SEARCH_USER_PATHS = NO;
				CLANG_ANALYZER_NONNULL = YES;
				CLANG_ANALYZER_NUMBER_OBJECT_CONVERSION = YES_AGGRESSIVE;
				CLANG_CXX_LANGUAGE_STANDARD = "gnu++14";
				CLANG_CXX_LIBRARY = "libc++";
				CLANG_ENABLE_MODULES = YES;
				CLANG_ENABLE_OBJC_ARC = YES;
				CLANG_ENABLE_OBJC_WEAK = YES;
				CLANG_WARN_BLOCK_CAPTURE_AUTORELEASING = YES;
				CLANG_WARN_BOOL_CONVERSION = YES;
				CLANG_WARN_COMMA = YES;
				CLANG_WARN_CONSTANT_CONVERSION = YES;
				CLANG_WARN_DEPRECATED_OBJC_IMPLEMENTATIONS = YES;
				CLANG_WARN_DIRECT_OBJC_ISA_USAGE = YES_ERROR;
				CLANG_WARN_DOCUMENTATION_COMMENTS = YES;
				CLANG_WARN_EMPTY_BODY = YES;
				CLANG_WARN_ENUM_CONVERSION = YES;
				CLANG_WARN_INFINITE_RECURSION = YES;
				CLANG_WARN_INT_CONVERSION = YES;
				CLANG_WARN_NON_LITERAL_NULL_CONVERSION = YES;
				CLANG_WARN_OBJC_IMPLICIT_RETAIN_SELF = YES;
				CLANG_WARN_OBJC_LITERAL_CONVERSION = YES;
				CLANG_WARN_OBJC_ROOT_CLASS = YES_ERROR;
				CLANG_WARN_RANGE_LOOP_ANALYSIS = YES;
				CLANG_WARN_STRICT_PROTOTYPES = YES;
				CLANG_WARN_SUSPICIOUS_MOVE = YES;
				CLANG_WARN_UNGUARDED_AVAILABILITY = YES_AGGRESSIVE;
				CLANG_WARN_UNREACHABLE_CODE = YES;
				CLANG_WARN__DUPLICATE_METHOD_MATCH = YES;
				CODE_SIGN_IDENTITY = "iPhone Developer";
				COPY_PHASE_STRIP = NO;
				DEBUG_INFORMATION_FORMAT = dwarf;
				ENABLE_STRICT_OBJC_MSGSEND = YES;
				ENABLE_TESTABILITY = YES;
				GCC_C_LANGUAGE_STANDARD = gnu11;
				GCC_DYNAMIC_NO_PIC = NO;
				GCC_NO_COMMON_BLOCKS = YES;
				GCC_OPTIMIZATION_LEVEL = 0;
				GCC_PREPROCESSOR_DEFINITIONS = (
					"DEBUG=1",
					"$(inherited)",
				);
				GCC_WARN_64_TO_32_BIT_CONVERSION = YES;
				GCC_WARN_ABOUT_RETURN_TYPE = YES_ERROR;
				GCC_WARN_UNDECLARED_SELECTOR = YES;
				GCC_WARN_UNINITIALIZED_AUTOS = YES_AGGRESSIVE;
				GCC_WARN_UNUSED_FUNCTION = YES;
				GCC_WARN_UNUSED_VARIABLE = YES;
				IPHONEOS_DEPLOYMENT_TARGET = 12.4;
				MTL_ENABLE_DEBUG_INFO = INCLUDE_SOURCE;
				MTL_FAST_MATH = YES;
				ONLY_ACTIVE_ARCH = YES;
				SDKROOT = iphoneos;
				SWIFT_ACTIVE_COMPILATION_CONDITIONS = DEBUG;
				SWIFT_OPTIMIZATION_LEVEL = "-Onone";
			};
			name = Debug;
		};
		A21CFAB022FA5E6B00B4BC5C /* Release */ = {
			isa = XCBuildConfiguration;
			buildSettings = {
				ALWAYS_SEARCH_USER_PATHS = NO;
				CLANG_ANALYZER_NONNULL = YES;
				CLANG_ANALYZER_NUMBER_OBJECT_CONVERSION = YES_AGGRESSIVE;
				CLANG_CXX_LANGUAGE_STANDARD = "gnu++14";
				CLANG_CXX_LIBRARY = "libc++";
				CLANG_ENABLE_MODULES = YES;
				CLANG_ENABLE_OBJC_ARC = YES;
				CLANG_ENABLE_OBJC_WEAK = YES;
				CLANG_WARN_BLOCK_CAPTURE_AUTORELEASING = YES;
				CLANG_WARN_BOOL_CONVERSION = YES;
				CLANG_WARN_COMMA = YES;
				CLANG_WARN_CONSTANT_CONVERSION = YES;
				CLANG_WARN_DEPRECATED_OBJC_IMPLEMENTATIONS = YES;
				CLANG_WARN_DIRECT_OBJC_ISA_USAGE = YES_ERROR;
				CLANG_WARN_DOCUMENTATION_COMMENTS = YES;
				CLANG_WARN_EMPTY_BODY = YES;
				CLANG_WARN_ENUM_CONVERSION = YES;
				CLANG_WARN_INFINITE_RECURSION = YES;
				CLANG_WARN_INT_CONVERSION = YES;
				CLANG_WARN_NON_LITERAL_NULL_CONVERSION = YES;
				CLANG_WARN_OBJC_IMPLICIT_RETAIN_SELF = YES;
				CLANG_WARN_OBJC_LITERAL_CONVERSION = YES;
				CLANG_WARN_OBJC_ROOT_CLASS = YES_ERROR;
				CLANG_WARN_RANGE_LOOP_ANALYSIS = YES;
				CLANG_WARN_STRICT_PROTOTYPES = YES;
				CLANG_WARN_SUSPICIOUS_MOVE = YES;
				CLANG_WARN_UNGUARDED_AVAILABILITY = YES_AGGRESSIVE;
				CLANG_WARN_UNREACHABLE_CODE = YES;
				CLANG_WARN__DUPLICATE_METHOD_MATCH = YES;
				CODE_SIGN_IDENTITY = "iPhone Developer";
				COPY_PHASE_STRIP = NO;
				DEBUG_INFORMATION_FORMAT = "dwarf-with-dsym";
				ENABLE_NS_ASSERTIONS = NO;
				ENABLE_STRICT_OBJC_MSGSEND = YES;
				GCC_C_LANGUAGE_STANDARD = gnu11;
				GCC_NO_COMMON_BLOCKS = YES;
				GCC_WARN_64_TO_32_BIT_CONVERSION = YES;
				GCC_WARN_ABOUT_RETURN_TYPE = YES_ERROR;
				GCC_WARN_UNDECLARED_SELECTOR = YES;
				GCC_WARN_UNINITIALIZED_AUTOS = YES_AGGRESSIVE;
				GCC_WARN_UNUSED_FUNCTION = YES;
				GCC_WARN_UNUSED_VARIABLE = YES;
				IPHONEOS_DEPLOYMENT_TARGET = 12.4;
				MTL_ENABLE_DEBUG_INFO = NO;
				MTL_FAST_MATH = YES;
				SDKROOT = iphoneos;
				SWIFT_COMPILATION_MODE = wholemodule;
				SWIFT_OPTIMIZATION_LEVEL = "-O";
				VALIDATE_PRODUCT = YES;
			};
			name = Release;
		};
		A21CFAB222FA5E6B00B4BC5C /* Debug */ = {
			isa = XCBuildConfiguration;
			buildSettings = {
				ASSETCATALOG_COMPILER_APPICON_NAME = AppIcon;
				CODE_SIGN_STYLE = Automatic;
				INFOPLIST_FILE = GameOfThronesAPIPracticeRun/Info.plist;
				LD_RUNPATH_SEARCH_PATHS = (
					"$(inherited)",
					"@executable_path/Frameworks",
				);
				PRODUCT_BUNDLE_IDENTIFIER = com.shillwil.GameOfThronesAPIPracticeRun;
				PRODUCT_NAME = "$(TARGET_NAME)";
				SWIFT_VERSION = 5.0;
				TARGETED_DEVICE_FAMILY = "1,2";
			};
			name = Debug;
		};
		A21CFAB322FA5E6B00B4BC5C /* Release */ = {
			isa = XCBuildConfiguration;
			buildSettings = {
				ASSETCATALOG_COMPILER_APPICON_NAME = AppIcon;
				CODE_SIGN_STYLE = Automatic;
				INFOPLIST_FILE = GameOfThronesAPIPracticeRun/Info.plist;
				LD_RUNPATH_SEARCH_PATHS = (
					"$(inherited)",
					"@executable_path/Frameworks",
				);
				PRODUCT_BUNDLE_IDENTIFIER = com.shillwil.GameOfThronesAPIPracticeRun;
				PRODUCT_NAME = "$(TARGET_NAME)";
				SWIFT_VERSION = 5.0;
				TARGETED_DEVICE_FAMILY = "1,2";
			};
			name = Release;
		};
/* End XCBuildConfiguration section */

/* Begin XCConfigurationList section */
		A21CFA9A22FA5E6B00B4BC5C /* Build configuration list for PBXProject "GameOfThronesAPIPracticeRun" */ = {
			isa = XCConfigurationList;
			buildConfigurations = (
				A21CFAAF22FA5E6B00B4BC5C /* Debug */,
				A21CFAB022FA5E6B00B4BC5C /* Release */,
			);
			defaultConfigurationIsVisible = 0;
			defaultConfigurationName = Release;
		};
		A21CFAB122FA5E6B00B4BC5C /* Build configuration list for PBXNativeTarget "GameOfThronesAPIPracticeRun" */ = {
			isa = XCConfigurationList;
			buildConfigurations = (
				A21CFAB222FA5E6B00B4BC5C /* Debug */,
				A21CFAB322FA5E6B00B4BC5C /* Release */,
			);
			defaultConfigurationIsVisible = 0;
			defaultConfigurationName = Release;
		};
/* End XCConfigurationList section */
	};
	rootObject = A21CFA9722FA5E6B00B4BC5C /* Project object */;
}
